// !$*UTF8*$!
{
	archiveVersion = 1;
	classes = {
	};
	objectVersion = 50;
	objects = {

/* Begin PBXBuildFile section */
		236DB88020FFB6410088484A /* AppDelegate.swift in Sources */ = {isa = PBXBuildFile; fileRef = 236DB87F20FFB6410088484A /* AppDelegate.swift */; };
		236DB88220FFB6410088484A /* ViewController.swift in Sources */ = {isa = PBXBuildFile; fileRef = 236DB88120FFB6410088484A /* ViewController.swift */; };
		236DB88520FFB6410088484A /* Main.storyboard in Resources */ = {isa = PBXBuildFile; fileRef = 236DB88320FFB6410088484A /* Main.storyboard */; };
		236DB88720FFB6410088484A /* Assets.xcassets in Resources */ = {isa = PBXBuildFile; fileRef = 236DB88620FFB6410088484A /* Assets.xcassets */; };
		236DB88A20FFB6410088484A /* LaunchScreen.storyboard in Resources */ = {isa = PBXBuildFile; fileRef = 236DB88820FFB6410088484A /* LaunchScreen.storyboard */; };
		236DB89220FFB7530088484A /* ColorManager.swift in Sources */ = {isa = PBXBuildFile; fileRef = 236DB89120FFB7530088484A /* ColorManager.swift */; };
		236DB89520FFB8E70088484A /* ColorChangerModel.swift in Sources */ = {isa = PBXBuildFile; fileRef = 236DB89420FFB8E70088484A /* ColorChangerModel.swift */; };
/* End PBXBuildFile section */

/* Begin PBXFileReference section */
		236DB87C20FFB6410088484A /* Label Changer.app */ = {isa = PBXFileReference; explicitFileType = wrapper.application; includeInIndex = 0; path = "Label Changer.app"; sourceTree = BUILT_PRODUCTS_DIR; };
		236DB87F20FFB6410088484A /* AppDelegate.swift */ = {isa = PBXFileReference; lastKnownFileType = sourcecode.swift; path = AppDelegate.swift; sourceTree = "<group>"; };
		236DB88120FFB6410088484A /* ViewController.swift */ = {isa = PBXFileReference; lastKnownFileType = sourcecode.swift; path = ViewController.swift; sourceTree = "<group>"; };
		236DB88420FFB6410088484A /* Base */ = {isa = PBXFileReference; lastKnownFileType = file.storyboard; name = Base; path = Base.lproj/Main.storyboard; sourceTree = "<group>"; };
		236DB88620FFB6410088484A /* Assets.xcassets */ = {isa = PBXFileReference; lastKnownFileType = folder.assetcatalog; path = Assets.xcassets; sourceTree = "<group>"; };
		236DB88920FFB6410088484A /* Base */ = {isa = PBXFileReference; lastKnownFileType = file.storyboard; name = Base; path = Base.lproj/LaunchScreen.storyboard; sourceTree = "<group>"; };
		236DB88B20FFB6410088484A /* Info.plist */ = {isa = PBXFileReference; lastKnownFileType = text.plist.xml; path = Info.plist; sourceTree = "<group>"; };
		236DB89120FFB7530088484A /* ColorManager.swift */ = {isa = PBXFileReference; lastKnownFileType = sourcecode.swift; path = ColorManager.swift; sourceTree = "<group>"; };
		236DB89420FFB8E70088484A /* ColorChangerModel.swift */ = {isa = PBXFileReference; lastKnownFileType = sourcecode.swift; path = ColorChangerModel.swift; sourceTree = "<group>"; };
/* End PBXFileReference section */

/* Begin PBXFrameworksBuildPhase section */
		236DB87920FFB6410088484A /* Frameworks */ = {
			isa = PBXFrameworksBuildPhase;
			buildActionMask = 2147483647;
			files = (
			);
			runOnlyForDeploymentPostprocessing = 0;
		};
/* End PBXFrameworksBuildPhase section */

/* Begin PBXGroup section */
		236DB87320FFB6400088484A = {
			isa = PBXGroup;
			children = (
				236DB87E20FFB6410088484A /* Label Changer */,
				236DB87D20FFB6410088484A /* Products */,
			);
			sourceTree = "<group>";
		};
		236DB87D20FFB6410088484A /* Products */ = {
			isa = PBXGroup;
			children = (
				236DB87C20FFB6410088484A /* Label Changer.app */,
			);
			name = Products;
			sourceTree = "<group>";
		};
		236DB87E20FFB6410088484A /* Label Changer */ = {
			isa = PBXGroup;
			children = (
				236DB87F20FFB6410088484A /* AppDelegate.swift */,
				236DB89420FFB8E70088484A /* ColorChangerModel.swift */,
				236DB89120FFB7530088484A /* ColorManager.swift */,
				236DB88120FFB6410088484A /* ViewController.swift */,
				236DB88B20FFB6410088484A /* Info.plist */,
				236DB89320FFB7630088484A /* Supporting Files */,
			);
			path = "Label Changer";
			sourceTree = "<group>";
		};
		236DB89320FFB7630088484A /* Supporting Files */ = {
			isa = PBXGroup;
			children = (
				236DB88320FFB6410088484A /* Main.storyboard */,
				236DB88620FFB6410088484A /* Assets.xcassets */,
				236DB88820FFB6410088484A /* LaunchScreen.storyboard */,
			);
			path = "Supporting Files";
			sourceTree = "<group>";
		};
/* End PBXGroup section */

/* Begin PBXNativeTarget section */
		236DB87B20FFB6410088484A /* Label Changer */ = {
			isa = PBXNativeTarget;
			buildConfigurationList = 236DB88E20FFB6410088484A /* Build configuration list for PBXNativeTarget "Label Changer" */;
			buildPhases = (
				236DB87820FFB6410088484A /* Sources */,
				236DB87920FFB6410088484A /* Frameworks */,
				236DB87A20FFB6410088484A /* Resources */,
			);
			buildRules = (
			);
			dependencies = (
			);
			name = "Label Changer";
			productName = "Label Changer";
			productReference = 236DB87C20FFB6410088484A /* Label Changer.app */;
			productType = "com.apple.product-type.application";
		};
/* End PBXNativeTarget section */

/* Begin PBXProject section */
		236DB87420FFB6400088484A /* Project object */ = {
			isa = PBXProject;
			attributes = {
				LastSwiftUpdateCheck = 0940;
				LastUpgradeCheck = 0940;
				ORGANIZATIONNAME = examples.com;
				TargetAttributes = {
					236DB87B20FFB6410088484A = {
						CreatedOnToolsVersion = 9.4.1;
					};
				};
			};
			buildConfigurationList = 236DB87720FFB6400088484A /* Build configuration list for PBXProject "Label Changer" */;
			compatibilityVersion = "Xcode 9.3";
			developmentRegion = en;
			hasScannedForEncodings = 0;
			knownRegions = (
				en,
				Base,
			);
			mainGroup = 236DB87320FFB6400088484A;
			productRefGroup = 236DB87D20FFB6410088484A /* Products */;
			projectDirPath = "";
			projectRoot = "";
			targets = (
				236DB87B20FFB6410088484A /* Label Changer */,
			);
		};
/* End PBXProject section */

/* Begin PBXResourcesBuildPhase section */
		236DB87A20FFB6410088484A /* Resources */ = {
			isa = PBXResourcesBuildPhase;
			buildActionMask = 2147483647;
			files = (
				236DB88A20FFB6410088484A /* LaunchScreen.storyboard in Resources */,
				236DB88720FFB6410088484A /* Assets.xcassets in Resources */,
				236DB88520FFB6410088484A /* Main.storyboard in Resources */,
			);
			runOnlyForDeploymentPostprocessing = 0;
		};
/* End PBXResourcesBuildPhase section */

/* Begin PBXSourcesBuildPhase section */
		236DB87820FFB6410088484A /* Sources */ = {
			isa = PBXSourcesBuildPhase;
			buildActionMask = 2147483647;
			files = (
				236DB89520FFB8E70088484A /* ColorChangerModel.swift in Sources */,
				236DB89220FFB7530088484A /* ColorManager.swift in Sources */,
				236DB88220FFB6410088484A /* ViewController.swift in Sources */,
				236DB88020FFB6410088484A /* AppDelegate.swift in Sources */,
			);
			runOnlyForDeploymentPostprocessing = 0;
		};
/* End PBXSourcesBuildPhase section */

/* Begin PBXVariantGroup section */
		236DB88320FFB6410088484A /* Main.storyboard */ = {
			isa = PBXVariantGroup;
			children = (
				236DB88420FFB6410088484A /* Base */,
			);
			name = Main.storyboard;
			sourceTree = "<group>";
		};
		236DB88820FFB6410088484A /* LaunchScreen.storyboard */ = {
			isa = PBXVariantGroup;
			children = (
				236DB88920FFB6410088484A /* Base */,
			);
			name = LaunchScreen.storyboard;
			sourceTree = "<group>";
		};
/* End PBXVariantGroup section */

/* Begin XCBuildConfiguration section */
		236DB88C20FFB6410088484A /* Debug */ = {
			isa = XCBuildConfiguration;
			buildSettings = {
				ALWAYS_SEARCH_USER_PATHS = NO;
				CLANG_ANALYZER_NONNULL = YES;
				CLANG_ANALYZER_NUMBER_OBJECT_CONVERSION = YES_AGGRESSIVE;
				CLANG_CXX_LANGUAGE_STANDARD = "gnu++14";
				CLANG_CXX_LIBRARY = "libc++";
				CLANG_ENABLE_MODULES = YES;
				CLANG_ENABLE_OBJC_ARC = YES;
				CLANG_ENABLE_OBJC_WEAK = YES;
				CLANG_WARN_BLOCK_CAPTURE_AUTORELEASING = YES;
				CLANG_WARN_BOOL_CONVERSION = YES;
				CLANG_WARN_COMMA = YES;
				CLANG_WARN_CONSTANT_CONVERSION = YES;
				CLANG_WARN_DEPRECATED_OBJC_IMPLEMENTATIONS = YES;
				CLANG_WARN_DIRECT_OBJC_ISA_USAGE = YES_ERROR;
				CLANG_WARN_DOCUMENTATION_COMMENTS = YES;
				CLANG_WARN_EMPTY_BODY = YES;
				CLANG_WARN_ENUM_CONVERSION = YES;
				CLANG_WARN_INFINITE_RECURSION = YES;
				CLANG_WARN_INT_CONVERSION = YES;
				CLANG_WARN_NON_LITERAL_NULL_CONVERSION = YES;
				CLANG_WARN_OBJC_IMPLICIT_RETAIN_SELF = YES;
				CLANG_WARN_OBJC_LITERAL_CONVERSION = YES;
				CLANG_WARN_OBJC_ROOT_CLASS = YES_ERROR;
				CLANG_WARN_RANGE_LOOP_ANALYSIS = YES;
				CLANG_WARN_STRICT_PROTOTYPES = YES;
				CLANG_WARN_SUSPICIOUS_MOVE = YES;
				CLANG_WARN_UNGUARDED_AVAILABILITY = YES_AGGRESSIVE;
				CLANG_WARN_UNREACHABLE_CODE = YES;
				CLANG_WARN__DUPLICATE_METHOD_MATCH = YES;
				CODE_SIGN_IDENTITY = "iPhone Developer";
				COPY_PHASE_STRIP = NO;
				DEBUG_INFORMATION_FORMAT = dwarf;
				ENABLE_STRICT_OBJC_MSGSEND = YES;
				ENABLE_TESTABILITY = YES;
				GCC_C_LANGUAGE_STANDARD = gnu11;
				GCC_DYNAMIC_NO_PIC = NO;
				GCC_NO_COMMON_BLOCKS = YES;
				GCC_OPTIMIZATION_LEVEL = 0;
				GCC_PREPROCESSOR_DEFINITIONS = (
					"DEBUG=1",
					"$(inherited)",
				);
				GCC_WARN_64_TO_32_BIT_CONVERSION = YES;
				GCC_WARN_ABOUT_RETURN_TYPE = YES_ERROR;
				GCC_WARN_UNDECLARED_SELECTOR = YES;
				GCC_WARN_UNINITIALIZED_AUTOS = YES_AGGRESSIVE;
				GCC_WARN_UNUSED_FUNCTION = YES;
				GCC_WARN_UNUSED_VARIABLE = YES;
				IPHONEOS_DEPLOYMENT_TARGET = 11.4;
				MTL_ENABLE_DEBUG_INFO = YES;
				ONLY_ACTIVE_ARCH = YES;
				SDKROOT = iphoneos;
				SWIFT_ACTIVE_COMPILATION_CONDITIONS = DEBUG;
				SWIFT_OPTIMIZATION_LEVEL = "-Onone";
			};
			name = Debug;
		};
		236DB88D20FFB6410088484A /* Release */ = {
			isa = XCBuildConfiguration;
			buildSettings = {
				ALWAYS_SEARCH_USER_PATHS = NO;
				CLANG_ANALYZER_NONNULL = YES;
				CLANG_ANALYZER_NUMBER_OBJECT_CONVERSION = YES_AGGRESSIVE;
				CLANG_CXX_LANGUAGE_STANDARD = "gnu++14";
				CLANG_CXX_LIBRARY = "libc++";
				CLANG_ENABLE_MODULES = YES;
				CLANG_ENABLE_OBJC_ARC = YES;
				CLANG_ENABLE_OBJC_WEAK = YES;
				CLANG_WARN_BLOCK_CAPTURE_AUTORELEASING = YES;
				CLANG_WARN_BOOL_CONVERSION = YES;
				CLANG_WARN_COMMA = YES;
				CLANG_WARN_CONSTANT_CONVERSION = YES;
				CLANG_WARN_DEPRECATED_OBJC_IMPLEMENTATIONS = YES;
				CLANG_WARN_DIRECT_OBJC_ISA_USAGE = YES_ERROR;
				CLANG_WARN_DOCUMENTATION_COMMENTS = YES;
				CLANG_WARN_EMPTY_BODY = YES;
				CLANG_WARN_ENUM_CONVERSION = YES;
				CLANG_WARN_INFINITE_RECURSION = YES;
				CLANG_WARN_INT_CONVERSION = YES;
				CLANG_WARN_NON_LITERAL_NULL_CONVERSION = YES;
				CLANG_WARN_OBJC_IMPLICIT_RETAIN_SELF = YES;
				CLANG_WARN_OBJC_LITERAL_CONVERSION = YES;
				CLANG_WARN_OBJC_ROOT_CLASS = YES_ERROR;
				CLANG_WARN_RANGE_LOOP_ANALYSIS = YES;
				CLANG_WARN_STRICT_PROTOTYPES = YES;
				CLANG_WARN_SUSPICIOUS_MOVE = YES;
				CLANG_WARN_UNGUARDED_AVAILABILITY = YES_AGGRESSIVE;
				CLANG_WARN_UNREACHABLE_CODE = YES;
				CLANG_WARN__DUPLICATE_METHOD_MATCH = YES;
				CODE_SIGN_IDENTITY = "iPhone Developer";
				COPY_PHASE_STRIP = NO;
				DEBUG_INFORMATION_FORMAT = "dwarf-with-dsym";
				ENABLE_NS_ASSERTIONS = NO;
				ENABLE_STRICT_OBJC_MSGSEND = YES;
				GCC_C_LANGUAGE_STANDARD = gnu11;
				GCC_NO_COMMON_BLOCKS = YES;
				GCC_WARN_64_TO_32_BIT_CONVERSION = YES;
				GCC_WARN_ABOUT_RETURN_TYPE = YES_ERROR;
				GCC_WARN_UNDECLARED_SELECTOR = YES;
				GCC_WARN_UNINITIALIZED_AUTOS = YES_AGGRESSIVE;
				GCC_WARN_UNUSED_FUNCTION = YES;
				GCC_WARN_UNUSED_VARIABLE = YES;
				IPHONEOS_DEPLOYMENT_TARGET = 11.4;
				MTL_ENABLE_DEBUG_INFO = NO;
				SDKROOT = iphoneos;
				SWIFT_COMPILATION_MODE = wholemodule;
				SWIFT_OPTIMIZATION_LEVEL = "-O";
				VALIDATE_PRODUCT = YES;
			};
			name = Release;
		};
		236DB88F20FFB6410088484A /* Debug */ = {
			isa = XCBuildConfiguration;
			buildSettings = {
				ASSETCATALOG_COMPILER_APPICON_NAME = AppIcon;
				CODE_SIGN_STYLE = Automatic;
				DEVELOPMENT_TEAM = ESQUM36X93;
				INFOPLIST_FILE = "Label Changer/Info.plist";
				LD_RUNPATH_SEARCH_PATHS = (
					"$(inherited)",
					"@executable_path/Frameworks",
				);
				PRODUCT_BUNDLE_IDENTIFIER = "com.examples.Label-Changer";
				PRODUCT_NAME = "$(TARGET_NAME)";
				SWIFT_VERSION = 4.0;
				TARGETED_DEVICE_FAMILY = "1,2";
			};
			name = Debug;
		};
		236DB89020FFB6410088484A /* Release */ = {
			isa = XCBuildConfiguration;
			buildSettings = {
				ASSETCATALOG_COMPILER_APPICON_NAME = AppIcon;
				CODE_SIGN_STYLE = Automatic;
				DEVELOPMENT_TEAM = ESQUM36X93;
				INFOPLIST_FILE = "Label Changer/Info.plist";
				LD_RUNPATH_SEARCH_PATHS = (
					"$(inherited)",
					"@executable_path/Frameworks",
				);
				PRODUCT_BUNDLE_IDENTIFIER = "com.examples.Label-Changer";
				PRODUCT_NAME = "$(TARGET_NAME)";
				SWIFT_VERSION = 4.0;
				TARGETED_DEVICE_FAMILY = "1,2";
			};
			name = Release;
		};
/* End XCBuildConfiguration section */

/* Begin XCConfigurationList section */
		236DB87720FFB6400088484A /* Build configuration list for PBXProject "Label Changer" */ = {
			isa = XCConfigurationList;
			buildConfigurations = (
				236DB88C20FFB6410088484A /* Debug */,
				236DB88D20FFB6410088484A /* Release */,
			);
			defaultConfigurationIsVisible = 0;
			defaultConfigurationName = Release;
		};
		236DB88E20FFB6410088484A /* Build configuration list for PBXNativeTarget "Label Changer" */ = {
			isa = XCConfigurationList;
			buildConfigurations = (
				236DB88F20FFB6410088484A /* Debug */,
				236DB89020FFB6410088484A /* Release */,
			);
			defaultConfigurationIsVisible = 0;
			defaultConfigurationName = Release;
		};
/* End XCConfigurationList section */
	};
	rootObject = 236DB87420FFB6400088484A /* Project object */;
}
